<?xml version="1.0" encoding="utf-8"?>
<Project ToolsVersion="4.0" xmlns="http://schemas.microsoft.com/developer/msbuild/2003">
  <ItemGroup>
    <Filter Include="Source Files">
      <UniqueIdentifier>{4FC737F1-C7A5-4376-A066-2A32D752A2FF}</UniqueIdentifier>
      <Extensions>cpp;c;cc;cxx;c++;cppm;ixx;def;odl;idl;hpj;bat;asm;asmx</Extensions>
    </Filter>
    <Filter Include="Header Files">
      <UniqueIdentifier>{93995380-89BD-4b04-88EB-625FBE52EBFB}</UniqueIdentifier>
      <Extensions>h;hh;hpp;hxx;h++;hm;inl;inc;ipp;xsd</Extensions>
    </Filter>
    <Filter Include="Resource Files">
      <UniqueIdentifier>{67DA6AB6-F800-4c08-8B7A-83BB121AAD01}</UniqueIdentifier>
      <Extensions>rc;ico;cur;bmp;dlg;rc2;rct;bin;rgs;gif;jpg;jpeg;jpe;resx;tiff;tif;png;wav;mfcribbon-ms</Extensions>
    </Filter>
    <Filter Include="Header Files\Cities">
      <UniqueIdentifier>{c4d7669b-868d-43a3-9d9a-4b1b91009bec}</UniqueIdentifier>
    </Filter>
    <Filter Include="Header Files\Persons">
      <UniqueIdentifier>{b14fe643-7f79-4c3f-ac37-3eea5b063b89}</UniqueIdentifier>
    </Filter>
    <Filter Include="Header Files\PhoneNumbers">
      <UniqueIdentifier>{1084b953-53a3-474d-843a-9bc22798f63f}</UniqueIdentifier>
    </Filter>
    <Filter Include="Header Files\PhoneTypes">
      <UniqueIdentifier>{af32eabd-cdff-40c5-a664-7f7caff20865}</UniqueIdentifier>
    </Filter>
    <Filter Include="Source Files\Cities">
      <UniqueIdentifier>{79229eaa-2870-44b0-83e5-23fe885c41ff}</UniqueIdentifier>
    </Filter>
    <Filter Include="Source Files\Persons">
      <UniqueIdentifier>{2f37d84d-3bca-4518-ab49-6f0193d0b48d}</UniqueIdentifier>
    </Filter>
    <Filter Include="Source Files\PhoneNumbers">
      <UniqueIdentifier>{58e03405-1a47-42a5-98b6-289b38e2b1a6}</UniqueIdentifier>
    </Filter>
    <Filter Include="Source Files\PhoneTypes">
      <UniqueIdentifier>{2f8fec89-ba78-447d-9377-a1ee61f487f4}</UniqueIdentifier>
    </Filter>
  </ItemGroup>
  <ItemGroup>
    <ClInclude Include="PhoneBook.h">
      <Filter>Header Files</Filter>
    </ClInclude>
    <ClInclude Include="framework.h">
      <Filter>Header Files</Filter>
    </ClInclude>
    <ClInclude Include="targetver.h">
      <Filter>Header Files</Filter>
    </ClInclude>
    <ClInclude Include="MainFrm.h">
      <Filter>Header Files</Filter>
    </ClInclude>
    <ClInclude Include="ChildFrm.h">
      <Filter>Header Files</Filter>
    </ClInclude>
    <ClInclude Include="Resource.h">
      <Filter>Header Files</Filter>
    </ClInclude>
    <ClInclude Include="pch.h">
      <Filter>Header Files</Filter>
    </ClInclude>
    <ClInclude Include="Structures.h">
      <Filter>Header Files</Filter>
    </ClInclude>
    <ClInclude Include="DBconnection.h">
      <Filter>Header Files</Filter>
    </ClInclude>
    <ClInclude Include="DBConnectionSingleton.h">
      <Filter>Header Files</Filter>
    </ClInclude>
    <ClInclude Include="ITable.h">
      <Filter>Header Files</Filter>
    </ClInclude>
    <ClInclude Include="CitiesAccessor.h">
      <Filter>Header Files\Cities</Filter>
    </ClInclude>
    <ClInclude Include="CitiesData.h">
      <Filter>Header Files\Cities</Filter>
    </ClInclude>
    <ClInclude Include="CitiesDlg.h">
      <Filter>Header Files\Cities</Filter>
    </ClInclude>
    <ClInclude Include="CitiesDocument.h">
      <Filter>Header Files\Cities</Filter>
    </ClInclude>
    <ClInclude Include="CitiesTable.h">
      <Filter>Header Files\Cities</Filter>
    </ClInclude>
    <ClInclude Include="CitiesView.h">
      <Filter>Header Files\Cities</Filter>
    </ClInclude>
    <ClInclude Include="PersonsAccessor.h">
      <Filter>Header Files\Persons</Filter>
    </ClInclude>
    <ClInclude Include="PersonsData.h">
      <Filter>Header Files\Persons</Filter>
    </ClInclude>
    <ClInclude Include="PersonsTable.h">
      <Filter>Header Files\Persons</Filter>
    </ClInclude>
    <ClInclude Include="PhoneNumbersTable.h">
      <Filter>Header Files\PhoneNumbers</Filter>
    </ClInclude>
    <ClInclude Include="PhoneNumbersAccessor.h">
      <Filter>Header Files\PhoneNumbers</Filter>
    </ClInclude>
    <ClInclude Include="PhoneTypesTable.h">
      <Filter>Header Files\PhoneTypes</Filter>
    </ClInclude>
    <ClInclude Include="PhoneTypesAccessor.h">
      <Filter>Header Files\PhoneTypes</Filter>
    </ClInclude>
    <ClInclude Include="Person.h">
      <Filter>Header Files</Filter>
    </ClInclude>
    <ClInclude Include="PersonsDocument.h">
      <Filter>Header Files\Persons</Filter>
    </ClInclude>
    <ClInclude Include="PersonsView.h">
      <Filter>Header Files\Persons</Filter>
    </ClInclude>
    <ClInclude Include="PersonsDlg.h">
      <Filter>Header Files\Persons</Filter>
    </ClInclude>
    <ClInclude Include="PhoneTypesData.h">
      <Filter>Header Files\PhoneTypes</Filter>
    </ClInclude>
    <ClInclude Include="PhoneNumbersDlg.h">
      <Filter>Header Files\PhoneNumbers</Filter>
    </ClInclude>
  </ItemGroup>
  <ItemGroup>
    <ClCompile Include="PhoneBook.cpp">
      <Filter>Source Files</Filter>
    </ClCompile>
    <ClCompile Include="MainFrm.cpp">
      <Filter>Source Files</Filter>
    </ClCompile>
    <ClCompile Include="ChildFrm.cpp">
      <Filter>Source Files</Filter>
    </ClCompile>
    <ClCompile Include="pch.cpp">
      <Filter>Source Files</Filter>
    </ClCompile>
    <ClCompile Include="DBconnection.cpp">
      <Filter>Source Files</Filter>
    </ClCompile>
    <ClCompile Include="CitiesView.cpp">
      <Filter>Source Files\Cities</Filter>
    </ClCompile>
    <ClCompile Include="CitiesTable.cpp">
      <Filter>Source Files\Cities</Filter>
    </ClCompile>
    <ClCompile Include="CitiesDocument.cpp">
      <Filter>Source Files\Cities</Filter>
    </ClCompile>
    <ClCompile Include="CitiesDlg.cpp">
      <Filter>Source Files\Cities</Filter>
    </ClCompile>
    <ClCompile Include="CitiesData.cpp">
      <Filter>Source Files\Cities</Filter>
    </ClCompile>
    <ClCompile Include="PersonsTable.cpp">
      <Filter>Source Files\Persons</Filter>
    </ClCompile>
    <ClCompile Include="PhoneNumbersTable.cpp">
      <Filter>Source Files\PhoneNumbers</Filter>
    </ClCompile>
    <ClCompile Include="PhoneTypesTable.cpp">
      <Filter>Source Files\PhoneTypes</Filter>
    </ClCompile>
    <ClCompile Include="PersonsData.cpp">
      <Filter>Source Files\Persons</Filter>
    </ClCompile>
    <ClCompile Include="Person.cpp">
      <Filter>Source Files</Filter>
    </ClCompile>
    <ClCompile Include="PersonsDocument.cpp">
      <Filter>Source Files\Persons</Filter>
    </ClCompile>
    <ClCompile Include="PersonsView.cpp">
      <Filter>Source Files\Persons</Filter>
    </ClCompile>
    <ClCompile Include="PhoneTypesData.cpp">
      <Filter>Source Files\PhoneTypes</Filter>
    </ClCompile>
    <ClCompile Include="PersonsDlg.cpp">
      <Filter>Source Files\Persons</Filter>
    </ClCompile>
    <ClCompile Include="PhoneNumbersDlg.cpp">
      <Filter>Source Files\PhoneNumbers</Filter>
    </ClCompile>
  </ItemGroup>
  <ItemGroup>
    <ResourceCompile Include="PhoneBook.rc">
      <Filter>Resource Files</Filter>
    </ResourceCompile>
  </ItemGroup>
  <ItemGroup>
    <Image Include="res\userimages.bmp">
      <Filter>Resource Files</Filter>
    </Image>
    <Image Include="res\PhoneBookDoc.ico">
      <Filter>Resource Files</Filter>
    </Image>
    <Image Include="res\PhoneBook.ico">
      <Filter>Resource Files</Filter>
    </Image>
    <Image Include="res\Toolbar.bmp">
      <Filter>Resource Files</Filter>
    </Image>
    <Image Include="res\Toolbar256.bmp">
      <Filter>Resource Files</Filter>
    </Image>
  </ItemGroup>
  <ItemGroup>
    <None Include="res\PhoneBook.rc2">
      <Filter>Resource Files</Filter>
    </None>
  </ItemGroup>
</Project>